// !$*UTF8*$!
{
	archiveVersion = 1;
	classes = {
	};
	objectVersion = 46;
	objects = {

/* Begin PBXAggregateTarget section */
		"Amatino::AmatinoPackageTests::ProductTarget" /* AmatinoPackageTests */ = {
			isa = PBXAggregateTarget;
			buildConfigurationList = OBJ_39 /* Build configuration list for PBXAggregateTarget "AmatinoPackageTests" */;
			buildPhases = (
			);
			dependencies = (
				OBJ_42 /* PBXTargetDependency */,
			);
			name = AmatinoPackageTests;
			productName = AmatinoPackageTests;
		};
/* End PBXAggregateTarget section */

/* Begin PBXBuildFile section */
		1E0E6F3E20258654006AF115 /* Entry.swift in Sources */ = {isa = PBXBuildFile; fileRef = 1E0E6F3D20258654006AF115 /* Entry.swift */; };
		1E0E6F4A20268C01006AF115 /* Side.swift in Sources */ = {isa = PBXBuildFile; fileRef = 1E0E6F4920268C01006AF115 /* Side.swift */; };
		1E15311020FC7C3100EB8CC6 /* AmatinoAlphaTests.swift in Sources */ = {isa = PBXBuildFile; fileRef = 1E15310F20FC7C3100EB8CC6 /* AmatinoAlphaTests.swift */; };
		1E15311420FC801B00EB8CC6 /* AmatinoTest.swift in Sources */ = {isa = PBXBuildFile; fileRef = 1E15311320FC801B00EB8CC6 /* AmatinoTest.swift */; };
		1E15311620FC95FE00EB8CC6 /* EntityTests.swift in Sources */ = {isa = PBXBuildFile; fileRef = 1E15311520FC95FE00EB8CC6 /* EntityTests.swift */; };
		1E15311820FCAAA900EB8CC6 /* AccountTests.swift in Sources */ = {isa = PBXBuildFile; fileRef = 1E15311720FCAAA900EB8CC6 /* AccountTests.swift */; };
		1E15311A20FCB25900EB8CC6 /* TransactionTests.swift in Sources */ = {isa = PBXBuildFile; fileRef = 1E15311920FCB25900EB8CC6 /* TransactionTests.swift */; };
		1E15CD2E2023BD4B0031CB2B /* GlobalUnit.swift in Sources */ = {isa = PBXBuildFile; fileRef = 1E15CD2D2023BD4B0031CB2B /* GlobalUnit.swift */; };
		1E16F5DC210AC60C002F1B81 /* Ledger.swift in Sources */ = {isa = PBXBuildFile; fileRef = 1E97CDD92100947000C149A6 /* Ledger.swift */; };
		1E16F5DD210AC60D002F1B81 /* Ledger.swift in Sources */ = {isa = PBXBuildFile; fileRef = 1E97CDD92100947000C149A6 /* Ledger.swift */; };
		1E16F5DE210AC60E002F1B81 /* Ledger.swift in Sources */ = {isa = PBXBuildFile; fileRef = 1E97CDD92100947000C149A6 /* Ledger.swift */; };
		1E16F5E0210AC71C002F1B81 /* Magnitude.swift in Sources */ = {isa = PBXBuildFile; fileRef = 1E16F5DF210AC71C002F1B81 /* Magnitude.swift */; };
		1E16F5E1210AC71C002F1B81 /* Magnitude.swift in Sources */ = {isa = PBXBuildFile; fileRef = 1E16F5DF210AC71C002F1B81 /* Magnitude.swift */; };
		1E16F5E2210AC71C002F1B81 /* Magnitude.swift in Sources */ = {isa = PBXBuildFile; fileRef = 1E16F5DF210AC71C002F1B81 /* Magnitude.swift */; };
		1E16F5E4210AF196002F1B81 /* AmatinoDate.swift in Sources */ = {isa = PBXBuildFile; fileRef = 1E16F5E3210AF196002F1B81 /* AmatinoDate.swift */; };
		1E16F5E5210AF196002F1B81 /* AmatinoDate.swift in Sources */ = {isa = PBXBuildFile; fileRef = 1E16F5E3210AF196002F1B81 /* AmatinoDate.swift */; };
		1E16F5E6210AF196002F1B81 /* AmatinoDate.swift in Sources */ = {isa = PBXBuildFile; fileRef = 1E16F5E3210AF196002F1B81 /* AmatinoDate.swift */; };
		1E20CD9E2027F7EB00EA3D73 /* AmatinoObject.swift in Sources */ = {isa = PBXBuildFile; fileRef = 1E20CD9D2027F7EB00EA3D73 /* AmatinoObject.swift */; };
		1E20CFD920DB259400C129D0 /* AmatinoAlpha.swift in Sources */ = {isa = PBXBuildFile; fileRef = 1E20CFD820DB259400C129D0 /* AmatinoAlpha.swift */; };
		1E22B8CA20FF79CE00D60340 /* RecursiveBalance.swift in Sources */ = {isa = PBXBuildFile; fileRef = 1E22B8C920FF79CE00D60340 /* RecursiveBalance.swift */; };
		1E22B8CB20FF79CE00D60340 /* RecursiveBalance.swift in Sources */ = {isa = PBXBuildFile; fileRef = 1E22B8C920FF79CE00D60340 /* RecursiveBalance.swift */; };
		1E22B8D020FF7ACF00D60340 /* AccountBalance.swift in Sources */ = {isa = PBXBuildFile; fileRef = 1E22B8CF20FF7ACF00D60340 /* AccountBalance.swift */; };
		1E22B8D120FF7ACF00D60340 /* AccountBalance.swift in Sources */ = {isa = PBXBuildFile; fileRef = 1E22B8CF20FF7ACF00D60340 /* AccountBalance.swift */; };
		1E2356D6201D6A200008E123 /* Transaction.swift in Sources */ = {isa = PBXBuildFile; fileRef = 1E2356D5201D6A200008E123 /* Transaction.swift */; };
		1E2356DC201E21430008E123 /* Session.swift in Sources */ = {isa = PBXBuildFile; fileRef = 1E2356DB201E21430008E123 /* Session.swift */; };
		1E2B420620FED2F100537C17 /* GlobalUnitList.swift in Sources */ = {isa = PBXBuildFile; fileRef = 1E2B420520FED2F100537C17 /* GlobalUnitList.swift */; };
		1E2B420720FED2F100537C17 /* GlobalUnitList.swift in Sources */ = {isa = PBXBuildFile; fileRef = 1E2B420520FED2F100537C17 /* GlobalUnitList.swift */; };
		1E2B420920FF023400537C17 /* Balance.swift in Sources */ = {isa = PBXBuildFile; fileRef = 1E2B420820FF023400537C17 /* Balance.swift */; };
		1E2B420A20FF023400537C17 /* Balance.swift in Sources */ = {isa = PBXBuildFile; fileRef = 1E2B420820FF023400537C17 /* Balance.swift */; };
		1E2B420F20FF11EA00537C17 /* BalanceTests.swift in Sources */ = {isa = PBXBuildFile; fileRef = 1E2B420E20FF11EA00537C17 /* BalanceTests.swift */; };
		1E2B421120FF124B00537C17 /* DerivedObjectTest.swift in Sources */ = {isa = PBXBuildFile; fileRef = 1E2B421020FF124B00537C17 /* DerivedObjectTest.swift */; };
		1E38BB4C202AE27F00E055A4 /* UrlTargetable.swift in Sources */ = {isa = PBXBuildFile; fileRef = 1E38BB4B202AE27F00E055A4 /* UrlTargetable.swift */; };
		1E4D5E34210FFC6400303BD2 /* EntityObject.swift in Sources */ = {isa = PBXBuildFile; fileRef = 1E4D5E33210FFC6400303BD2 /* EntityObject.swift */; };
		1E4D5E35210FFC6400303BD2 /* EntityObject.swift in Sources */ = {isa = PBXBuildFile; fileRef = 1E4D5E33210FFC6400303BD2 /* EntityObject.swift */; };
		1E4D5E36210FFC6400303BD2 /* EntityObject.swift in Sources */ = {isa = PBXBuildFile; fileRef = 1E4D5E33210FFC6400303BD2 /* EntityObject.swift */; };
		1E54D29C202D9C97004E8599 /* AMCryptography.m in Sources */ = {isa = PBXBuildFile; fileRef = 1E54D29B202D9C97004E8599 /* AMCryptography.m */; };
		1E54D29F202D9EE9004E8599 /* Amatino.h in Headers */ = {isa = PBXBuildFile; fileRef = 1E54D29D202D9D42004E8599 /* Amatino.h */; settings = {ATTRIBUTES = (Private, ); }; };
		1E54D2A0202D9FB1004E8599 /* AMCryptography.h in Headers */ = {isa = PBXBuildFile; fileRef = 1E54D29A202D9B8D004E8599 /* AMCryptography.h */; settings = {ATTRIBUTES = (Private, ); }; };
		1E58D58620F2283700069961 /* Account.swift in Sources */ = {isa = PBXBuildFile; fileRef = 1EEA82AC20ECE0BC00C406FE /* Account.swift */; };
		1E58D58820F2283700069961 /* AccountType.swift in Sources */ = {isa = PBXBuildFile; fileRef = 1EEA82AA20ECDD0500C406FE /* AccountType.swift */; };
		1E58D58920F2283700069961 /* Amatino.h in Headers */ = {isa = PBXBuildFile; fileRef = 1E54D29D202D9D42004E8599 /* Amatino.h */; settings = {ATTRIBUTES = (Private, ); }; };
		1E58D58A20F2283700069961 /* AmatinoAlpha.swift in Sources */ = {isa = PBXBuildFile; fileRef = 1E20CFD820DB259400C129D0 /* AmatinoAlpha.swift */; };
		1E58D58B20F2283700069961 /* AmatinoObject.swift in Sources */ = {isa = PBXBuildFile; fileRef = 1E20CD9D2027F7EB00EA3D73 /* AmatinoObject.swift */; };
		1E58D58D20F2283700069961 /* AmatinoRequest.swift in Sources */ = {isa = PBXBuildFile; fileRef = 1EADC8812022B289005F94DF /* AmatinoRequest.swift */; };
		1E58D58E20F2283700069961 /* AMCryptography.h in Headers */ = {isa = PBXBuildFile; fileRef = 1E54D29A202D9B8D004E8599 /* AMCryptography.h */; settings = {ATTRIBUTES = (Private, ); }; };
		1E58D58F20F2283700069961 /* AMCryptography.m in Sources */ = {isa = PBXBuildFile; fileRef = 1E54D29B202D9C97004E8599 /* AMCryptography.m */; };
		1E58D59120F2283700069961 /* CustomUnit.swift in Sources */ = {isa = PBXBuildFile; fileRef = 1EADC8792022A864005F94DF /* CustomUnit.swift */; };
		1E58D59220F2283700069961 /* Entity.swift in Sources */ = {isa = PBXBuildFile; fileRef = 1EADC87B2022A8E2005F94DF /* Entity.swift */; };
		1E58D59520F2283700069961 /* EntityList.swift in Sources */ = {isa = PBXBuildFile; fileRef = 1EEA829320ECCB2B00C406FE /* EntityList.swift */; };
		1E58D59620F2283700069961 /* EntityListAttributes.swift in Sources */ = {isa = PBXBuildFile; fileRef = 1EEA829120ECCB2B00C406FE /* EntityListAttributes.swift */; };
		1E58D59820F2283700069961 /* Entry.swift in Sources */ = {isa = PBXBuildFile; fileRef = 1E0E6F3D20258654006AF115 /* Entry.swift */; };
		1E58D59920F2283700069961 /* GlobalUnit.swift in Sources */ = {isa = PBXBuildFile; fileRef = 1E15CD2D2023BD4B0031CB2B /* GlobalUnit.swift */; };
		1E58D59B20F2283700069961 /* HTTPMethod.swift in Sources */ = {isa = PBXBuildFile; fileRef = 1EADC87F2022B289005F94DF /* HTTPMethod.swift */; };
		1E58D59E20F2283700069961 /* Region.swift in Sources */ = {isa = PBXBuildFile; fileRef = 1EEA828F20ECCB2B00C406FE /* Region.swift */; };
		1E58D59F20F2283700069961 /* RegionList.swift in Sources */ = {isa = PBXBuildFile; fileRef = 1EEA829820ECCB2C00C406FE /* RegionList.swift */; };
		1E58D5A020F2283700069961 /* RegionListAttributes.swift in Sources */ = {isa = PBXBuildFile; fileRef = 1EEA829020ECCB2B00C406FE /* RegionListAttributes.swift */; };
		1E58D5A120F2283700069961 /* RequestData.swift in Sources */ = {isa = PBXBuildFile; fileRef = 1EADC8822022B289005F94DF /* RequestData.swift */; };
		1E58D5A220F2283700069961 /* Session.swift in Sources */ = {isa = PBXBuildFile; fileRef = 1E2356DB201E21430008E123 /* Session.swift */; };
		1E58D5A520F2283700069961 /* Side.swift in Sources */ = {isa = PBXBuildFile; fileRef = 1E0E6F4920268C01006AF115 /* Side.swift */; };
		1E58D5A620F2283700069961 /* Transaction.swift in Sources */ = {isa = PBXBuildFile; fileRef = 1E2356D5201D6A200008E123 /* Transaction.swift */; };
		1E58D5AC20F2283700069961 /* UnitCode.swift in Sources */ = {isa = PBXBuildFile; fileRef = 1EA28D332028FA3E00E576FD /* UnitCode.swift */; };
		1E58D5AD20F2283700069961 /* UrlParameters.swift in Sources */ = {isa = PBXBuildFile; fileRef = 1EADC8872022B402005F94DF /* UrlParameters.swift */; };
		1E58D5AE20F2283700069961 /* UrlTarget.swift in Sources */ = {isa = PBXBuildFile; fileRef = 1ED09749202A9EEA005D9732 /* UrlTarget.swift */; };
		1E58D5AF20F2283700069961 /* UrlTargetable.swift in Sources */ = {isa = PBXBuildFile; fileRef = 1E38BB4B202AE27F00E055A4 /* UrlTargetable.swift */; };
		1E58D5B020F2283700069961 /* User.swift in Sources */ = {isa = PBXBuildFile; fileRef = 1EEA829920ECCB2D00C406FE /* User.swift */; };
		1E58D5B120F2283700069961 /* UserAttributes.swift in Sources */ = {isa = PBXBuildFile; fileRef = 1EEA829620ECCB2C00C406FE /* UserAttributes.swift */; };
		1E58D5B220F2283700069961 /* PermissionsGraph.swift in Sources */ = {isa = PBXBuildFile; fileRef = 1EEA82B020ED045200C406FE /* PermissionsGraph.swift */; };
		1E58D5B320F2283700069961 /* Colour.swift in Sources */ = {isa = PBXBuildFile; fileRef = 1E7B837A20EDA07800867B30 /* Colour.swift */; };
		1E59D9F6210E8C010080C4CD /* PopulatedEntityTest.swift in Sources */ = {isa = PBXBuildFile; fileRef = 1E59D9F5210E8C010080C4CD /* PopulatedEntityTest.swift */; };
		1E59D9FC210EEE090080C4CD /* RecursiveLedgerPage.swift in Sources */ = {isa = PBXBuildFile; fileRef = 1E59D9FB210EEE090080C4CD /* RecursiveLedgerPage.swift */; };
		1E59D9FD210EEE090080C4CD /* RecursiveLedgerPage.swift in Sources */ = {isa = PBXBuildFile; fileRef = 1E59D9FB210EEE090080C4CD /* RecursiveLedgerPage.swift */; };
		1E59D9FE210EEE090080C4CD /* RecursiveLedgerPage.swift in Sources */ = {isa = PBXBuildFile; fileRef = 1E59D9FB210EEE090080C4CD /* RecursiveLedgerPage.swift */; };
		1E59DA00210EEECD0080C4CD /* RecursiveLedger.swift in Sources */ = {isa = PBXBuildFile; fileRef = 1E59D9FF210EEECD0080C4CD /* RecursiveLedger.swift */; };
		1E59DA01210EEECD0080C4CD /* RecursiveLedger.swift in Sources */ = {isa = PBXBuildFile; fileRef = 1E59D9FF210EEECD0080C4CD /* RecursiveLedger.swift */; };
		1E59DA02210EEECD0080C4CD /* RecursiveLedger.swift in Sources */ = {isa = PBXBuildFile; fileRef = 1E59D9FF210EEECD0080C4CD /* RecursiveLedger.swift */; };
		1E794682211187060006E971 /* AmatinoError.swift in Sources */ = {isa = PBXBuildFile; fileRef = 1E794681211187060006E971 /* AmatinoError.swift */; };
		1E794683211187060006E971 /* AmatinoError.swift in Sources */ = {isa = PBXBuildFile; fileRef = 1E794681211187060006E971 /* AmatinoError.swift */; };
		1E794684211187060006E971 /* AmatinoError.swift in Sources */ = {isa = PBXBuildFile; fileRef = 1E794681211187060006E971 /* AmatinoError.swift */; };
		1E7AC3A421192DED00102932 /* Unit.swift in Sources */ = {isa = PBXBuildFile; fileRef = 1E7AC3A321192DED00102932 /* Unit.swift */; };
		1E7AC3A521192DED00102932 /* Unit.swift in Sources */ = {isa = PBXBuildFile; fileRef = 1E7AC3A321192DED00102932 /* Unit.swift */; };
		1E7AC3A621192DED00102932 /* Unit.swift in Sources */ = {isa = PBXBuildFile; fileRef = 1E7AC3A321192DED00102932 /* Unit.swift */; };
		1E7AC3AC2119477000102932 /* CustomUnitTests.swift in Sources */ = {isa = PBXBuildFile; fileRef = 1E7AC3AB2119477000102932 /* CustomUnitTests.swift */; };
		1E7AC3AE21195EBE00102932 /* Price.swift in Sources */ = {isa = PBXBuildFile; fileRef = 1E7AC3AD21195EBE00102932 /* Price.swift */; };
		1E7AC3AF21195EBE00102932 /* Price.swift in Sources */ = {isa = PBXBuildFile; fileRef = 1E7AC3AD21195EBE00102932 /* Price.swift */; };
		1E7AC3B021195EBE00102932 /* Price.swift in Sources */ = {isa = PBXBuildFile; fileRef = 1E7AC3AD21195EBE00102932 /* Price.swift */; };
		1E7B837B20EDA07800867B30 /* Colour.swift in Sources */ = {isa = PBXBuildFile; fileRef = 1E7B837A20EDA07800867B30 /* Colour.swift */; };
		1E84DF71210BDEE300EA399D /* LedgerPage.swift in Sources */ = {isa = PBXBuildFile; fileRef = 1E84DF70210BDEE300EA399D /* LedgerPage.swift */; };
		1E84DF72210BDEE300EA399D /* LedgerPage.swift in Sources */ = {isa = PBXBuildFile; fileRef = 1E84DF70210BDEE300EA399D /* LedgerPage.swift */; };
		1E84DF73210BDEE300EA399D /* LedgerPage.swift in Sources */ = {isa = PBXBuildFile; fileRef = 1E84DF70210BDEE300EA399D /* LedgerPage.swift */; };
		1E97CDE2210096B400C149A6 /* LedgerRow.swift in Sources */ = {isa = PBXBuildFile; fileRef = 1E97CDE1210096B400C149A6 /* LedgerRow.swift */; };
		1E97CDE3210096B400C149A6 /* LedgerRow.swift in Sources */ = {isa = PBXBuildFile; fileRef = 1E97CDE1210096B400C149A6 /* LedgerRow.swift */; };
		1E97CDE4210096B400C149A6 /* LedgerRow.swift in Sources */ = {isa = PBXBuildFile; fileRef = 1E97CDE1210096B400C149A6 /* LedgerRow.swift */; };
		1EA28D342028FA3E00E576FD /* UnitCode.swift in Sources */ = {isa = PBXBuildFile; fileRef = 1EA28D332028FA3E00E576FD /* UnitCode.swift */; };
		1EADC87A2022A864005F94DF /* CustomUnit.swift in Sources */ = {isa = PBXBuildFile; fileRef = 1EADC8792022A864005F94DF /* CustomUnit.swift */; };
		1EADC87C2022A8E2005F94DF /* Entity.swift in Sources */ = {isa = PBXBuildFile; fileRef = 1EADC87B2022A8E2005F94DF /* Entity.swift */; };
		1EADC8832022B289005F94DF /* HTTPMethod.swift in Sources */ = {isa = PBXBuildFile; fileRef = 1EADC87F2022B289005F94DF /* HTTPMethod.swift */; };
		1EADC8852022B289005F94DF /* AmatinoRequest.swift in Sources */ = {isa = PBXBuildFile; fileRef = 1EADC8812022B289005F94DF /* AmatinoRequest.swift */; };
		1EADC8862022B289005F94DF /* RequestData.swift in Sources */ = {isa = PBXBuildFile; fileRef = 1EADC8822022B289005F94DF /* RequestData.swift */; };
		1EADC8882022B402005F94DF /* UrlParameters.swift in Sources */ = {isa = PBXBuildFile; fileRef = 1EADC8872022B402005F94DF /* UrlParameters.swift */; };
		1ED0974A202A9EEA005D9732 /* UrlTarget.swift in Sources */ = {isa = PBXBuildFile; fileRef = 1ED09749202A9EEA005D9732 /* UrlTarget.swift */; };
		1EEA829B20ECCB2D00C406FE /* Region.swift in Sources */ = {isa = PBXBuildFile; fileRef = 1EEA828F20ECCB2B00C406FE /* Region.swift */; };
		1EEA829C20ECCB2D00C406FE /* RegionListAttributes.swift in Sources */ = {isa = PBXBuildFile; fileRef = 1EEA829020ECCB2B00C406FE /* RegionListAttributes.swift */; };
		1EEA829D20ECCB2D00C406FE /* EntityListAttributes.swift in Sources */ = {isa = PBXBuildFile; fileRef = 1EEA829120ECCB2B00C406FE /* EntityListAttributes.swift */; };
		1EEA829F20ECCB2D00C406FE /* EntityList.swift in Sources */ = {isa = PBXBuildFile; fileRef = 1EEA829320ECCB2B00C406FE /* EntityList.swift */; };
		1EEA82A220ECCB2D00C406FE /* UserAttributes.swift in Sources */ = {isa = PBXBuildFile; fileRef = 1EEA829620ECCB2C00C406FE /* UserAttributes.swift */; };
		1EEA82A420ECCB2D00C406FE /* RegionList.swift in Sources */ = {isa = PBXBuildFile; fileRef = 1EEA829820ECCB2C00C406FE /* RegionList.swift */; };
		1EEA82A520ECCB2D00C406FE /* User.swift in Sources */ = {isa = PBXBuildFile; fileRef = 1EEA829920ECCB2D00C406FE /* User.swift */; };
		1EEA82AB20ECDD0500C406FE /* AccountType.swift in Sources */ = {isa = PBXBuildFile; fileRef = 1EEA82AA20ECDD0500C406FE /* AccountType.swift */; };
		1EEA82AD20ECE0BC00C406FE /* Account.swift in Sources */ = {isa = PBXBuildFile; fileRef = 1EEA82AC20ECE0BC00C406FE /* Account.swift */; };
		1EEA82B120ED045200C406FE /* PermissionsGraph.swift in Sources */ = {isa = PBXBuildFile; fileRef = 1EEA82B020ED045200C406FE /* PermissionsGraph.swift */; };
		1EFDC61F21152ED60042EBCA /* TreeNode.swift in Sources */ = {isa = PBXBuildFile; fileRef = 1EFDC61E21152ED60042EBCA /* TreeNode.swift */; };
		1EFDC62021152ED60042EBCA /* TreeNode.swift in Sources */ = {isa = PBXBuildFile; fileRef = 1EFDC61E21152ED60042EBCA /* TreeNode.swift */; };
		1EFDC62121152ED60042EBCA /* TreeNode.swift in Sources */ = {isa = PBXBuildFile; fileRef = 1EFDC61E21152ED60042EBCA /* TreeNode.swift */; };
		1EFDC623211544B20042EBCA /* Node.swift in Sources */ = {isa = PBXBuildFile; fileRef = 1EFDC622211544B20042EBCA /* Node.swift */; };
		1EFDC624211544B20042EBCA /* Node.swift in Sources */ = {isa = PBXBuildFile; fileRef = 1EFDC622211544B20042EBCA /* Node.swift */; };
		1EFDC625211544B20042EBCA /* Node.swift in Sources */ = {isa = PBXBuildFile; fileRef = 1EFDC622211544B20042EBCA /* Node.swift */; };
		1EFDC627211551AA0042EBCA /* PlaceholderNode.swift in Sources */ = {isa = PBXBuildFile; fileRef = 1EFDC626211551AA0042EBCA /* PlaceholderNode.swift */; };
		1EFDC628211551AA0042EBCA /* PlaceholderNode.swift in Sources */ = {isa = PBXBuildFile; fileRef = 1EFDC626211551AA0042EBCA /* PlaceholderNode.swift */; };
		1EFDC629211551AA0042EBCA /* PlaceholderNode.swift in Sources */ = {isa = PBXBuildFile; fileRef = 1EFDC626211551AA0042EBCA /* PlaceholderNode.swift */; };
		1EFDC62B21155ADC0042EBCA /* Tree.swift in Sources */ = {isa = PBXBuildFile; fileRef = 1EFDC62A21155ADC0042EBCA /* Tree.swift */; };
		1EFDC62C21155ADC0042EBCA /* Tree.swift in Sources */ = {isa = PBXBuildFile; fileRef = 1EFDC62A21155ADC0042EBCA /* Tree.swift */; };
		1EFDC62D21155ADC0042EBCA /* Tree.swift in Sources */ = {isa = PBXBuildFile; fileRef = 1EFDC62A21155ADC0042EBCA /* Tree.swift */; };
		1EFDC62F211571400042EBCA /* Performance.swift in Sources */ = {isa = PBXBuildFile; fileRef = 1EFDC62E211571400042EBCA /* Performance.swift */; };
		1EFDC630211571400042EBCA /* Performance.swift in Sources */ = {isa = PBXBuildFile; fileRef = 1EFDC62E211571400042EBCA /* Performance.swift */; };
		1EFDC631211571400042EBCA /* Performance.swift in Sources */ = {isa = PBXBuildFile; fileRef = 1EFDC62E211571400042EBCA /* Performance.swift */; };
		1EFDC633211578950042EBCA /* Position.swift in Sources */ = {isa = PBXBuildFile; fileRef = 1EFDC632211578950042EBCA /* Position.swift */; };
		1EFDC634211578950042EBCA /* Position.swift in Sources */ = {isa = PBXBuildFile; fileRef = 1EFDC632211578950042EBCA /* Position.swift */; };
		1EFDC635211578950042EBCA /* Position.swift in Sources */ = {isa = PBXBuildFile; fileRef = 1EFDC632211578950042EBCA /* Position.swift */; };
		OBJ_21 /* Package.swift in Sources */ = {isa = PBXBuildFile; fileRef = OBJ_6 /* Package.swift */; };
		OBJ_27 /* AncillaryTests.swift in Sources */ = {isa = PBXBuildFile; fileRef = OBJ_12 /* AncillaryTests.swift */; };
		OBJ_29 /* Amatino.framework in Frameworks */ = {isa = PBXBuildFile; fileRef = "Amatino::Amatino::Product" /* Amatino.framework */; };
/* End PBXBuildFile section */

/* Begin PBXContainerItemProxy section */
		1ED524D6201D579E0098811E /* PBXContainerItemProxy */ = {
			isa = PBXContainerItemProxy;
			containerPortal = OBJ_1 /* Project object */;
			proxyType = 1;
			remoteGlobalIDString = "Amatino::Amatino";
			remoteInfo = Amatino;
		};
		1ED524D7201D579F0098811E /* PBXContainerItemProxy */ = {
			isa = PBXContainerItemProxy;
			containerPortal = OBJ_1 /* Project object */;
			proxyType = 1;
			remoteGlobalIDString = "Amatino::AmatinoTests";
			remoteInfo = AmatinoTests;
		};
/* End PBXContainerItemProxy section */

/* Begin PBXFileReference section */
		1E0E6F3D20258654006AF115 /* Entry.swift */ = {isa = PBXFileReference; lastKnownFileType = sourcecode.swift; path = Entry.swift; sourceTree = "<group>"; };
		1E0E6F4920268C01006AF115 /* Side.swift */ = {isa = PBXFileReference; lastKnownFileType = sourcecode.swift; path = Side.swift; sourceTree = "<group>"; };
		1E15310F20FC7C3100EB8CC6 /* AmatinoAlphaTests.swift */ = {isa = PBXFileReference; lastKnownFileType = sourcecode.swift; path = AmatinoAlphaTests.swift; sourceTree = "<group>"; };
		1E15311320FC801B00EB8CC6 /* AmatinoTest.swift */ = {isa = PBXFileReference; lastKnownFileType = sourcecode.swift; path = AmatinoTest.swift; sourceTree = "<group>"; };
		1E15311520FC95FE00EB8CC6 /* EntityTests.swift */ = {isa = PBXFileReference; lastKnownFileType = sourcecode.swift; path = EntityTests.swift; sourceTree = "<group>"; };
		1E15311720FCAAA900EB8CC6 /* AccountTests.swift */ = {isa = PBXFileReference; lastKnownFileType = sourcecode.swift; path = AccountTests.swift; sourceTree = "<group>"; };
		1E15311920FCB25900EB8CC6 /* TransactionTests.swift */ = {isa = PBXFileReference; lastKnownFileType = sourcecode.swift; path = TransactionTests.swift; sourceTree = "<group>"; };
		1E15CD2D2023BD4B0031CB2B /* GlobalUnit.swift */ = {isa = PBXFileReference; lastKnownFileType = sourcecode.swift; path = GlobalUnit.swift; sourceTree = "<group>"; };
		1E16F5DF210AC71C002F1B81 /* Magnitude.swift */ = {isa = PBXFileReference; lastKnownFileType = sourcecode.swift; path = Magnitude.swift; sourceTree = "<group>"; };
		1E16F5E3210AF196002F1B81 /* AmatinoDate.swift */ = {isa = PBXFileReference; lastKnownFileType = sourcecode.swift; path = AmatinoDate.swift; sourceTree = "<group>"; };
		1E20CD9D2027F7EB00EA3D73 /* AmatinoObject.swift */ = {isa = PBXFileReference; lastKnownFileType = sourcecode.swift; path = AmatinoObject.swift; sourceTree = "<group>"; };
		1E20CFD820DB259400C129D0 /* AmatinoAlpha.swift */ = {isa = PBXFileReference; lastKnownFileType = sourcecode.swift; path = AmatinoAlpha.swift; sourceTree = "<group>"; };
		1E22B8C920FF79CE00D60340 /* RecursiveBalance.swift */ = {isa = PBXFileReference; lastKnownFileType = sourcecode.swift; path = RecursiveBalance.swift; sourceTree = "<group>"; };
		1E22B8CF20FF7ACF00D60340 /* AccountBalance.swift */ = {isa = PBXFileReference; lastKnownFileType = sourcecode.swift; path = AccountBalance.swift; sourceTree = "<group>"; };
		1E2356D5201D6A200008E123 /* Transaction.swift */ = {isa = PBXFileReference; lastKnownFileType = sourcecode.swift; path = Transaction.swift; sourceTree = "<group>"; };
		1E2356DB201E21430008E123 /* Session.swift */ = {isa = PBXFileReference; lastKnownFileType = sourcecode.swift; path = Session.swift; sourceTree = "<group>"; };
		1E2B420520FED2F100537C17 /* GlobalUnitList.swift */ = {isa = PBXFileReference; lastKnownFileType = sourcecode.swift; path = GlobalUnitList.swift; sourceTree = "<group>"; };
		1E2B420820FF023400537C17 /* Balance.swift */ = {isa = PBXFileReference; lastKnownFileType = sourcecode.swift; path = Balance.swift; sourceTree = "<group>"; };
		1E2B420E20FF11EA00537C17 /* BalanceTests.swift */ = {isa = PBXFileReference; lastKnownFileType = sourcecode.swift; path = BalanceTests.swift; sourceTree = "<group>"; };
		1E2B421020FF124B00537C17 /* DerivedObjectTest.swift */ = {isa = PBXFileReference; lastKnownFileType = sourcecode.swift; path = DerivedObjectTest.swift; sourceTree = "<group>"; };
		1E38BB4B202AE27F00E055A4 /* UrlTargetable.swift */ = {isa = PBXFileReference; lastKnownFileType = sourcecode.swift; path = UrlTargetable.swift; sourceTree = "<group>"; };
		1E4D5E33210FFC6400303BD2 /* EntityObject.swift */ = {isa = PBXFileReference; lastKnownFileType = sourcecode.swift; path = EntityObject.swift; sourceTree = "<group>"; };
		1E54D29A202D9B8D004E8599 /* AMCryptography.h */ = {isa = PBXFileReference; lastKnownFileType = sourcecode.c.h; path = AMCryptography.h; sourceTree = "<group>"; };
		1E54D29B202D9C97004E8599 /* AMCryptography.m */ = {isa = PBXFileReference; lastKnownFileType = sourcecode.c.objc; path = AMCryptography.m; sourceTree = "<group>"; };
		1E54D29D202D9D42004E8599 /* Amatino.h */ = {isa = PBXFileReference; lastKnownFileType = sourcecode.c.h; path = Amatino.h; sourceTree = "<group>"; };
		1E58D55220F2254D00069961 /* AmatinoIOS.framework */ = {isa = PBXFileReference; explicitFileType = wrapper.framework; includeInIndex = 0; name = AmatinoIOS.framework; path = Amatino.framework; sourceTree = BUILT_PRODUCTS_DIR; };
		1E58D55420F2254D00069961 /* Amatino.h */ = {isa = PBXFileReference; lastKnownFileType = sourcecode.c.h; path = Amatino.h; sourceTree = "<group>"; };
		1E58D55520F2254D00069961 /* Info.plist */ = {isa = PBXFileReference; lastKnownFileType = text.plist.xml; path = Info.plist; sourceTree = "<group>"; };
		1E59D9F5210E8C010080C4CD /* PopulatedEntityTest.swift */ = {isa = PBXFileReference; lastKnownFileType = sourcecode.swift; path = PopulatedEntityTest.swift; sourceTree = "<group>"; };
		1E59D9FB210EEE090080C4CD /* RecursiveLedgerPage.swift */ = {isa = PBXFileReference; lastKnownFileType = sourcecode.swift; path = RecursiveLedgerPage.swift; sourceTree = "<group>"; };
		1E59D9FF210EEECD0080C4CD /* RecursiveLedger.swift */ = {isa = PBXFileReference; lastKnownFileType = sourcecode.swift; path = RecursiveLedger.swift; sourceTree = "<group>"; };
		1E794681211187060006E971 /* AmatinoError.swift */ = {isa = PBXFileReference; lastKnownFileType = sourcecode.swift; path = AmatinoError.swift; sourceTree = "<group>"; };
		1E7AC3A321192DED00102932 /* Unit.swift */ = {isa = PBXFileReference; lastKnownFileType = sourcecode.swift; path = Unit.swift; sourceTree = "<group>"; };
		1E7AC3AB2119477000102932 /* CustomUnitTests.swift */ = {isa = PBXFileReference; lastKnownFileType = sourcecode.swift; path = CustomUnitTests.swift; sourceTree = "<group>"; };
		1E7AC3AD21195EBE00102932 /* Price.swift */ = {isa = PBXFileReference; lastKnownFileType = sourcecode.swift; path = Price.swift; sourceTree = "<group>"; };
		1E7B837A20EDA07800867B30 /* Colour.swift */ = {isa = PBXFileReference; lastKnownFileType = sourcecode.swift; path = Colour.swift; sourceTree = "<group>"; };
		1E84DF70210BDEE300EA399D /* LedgerPage.swift */ = {isa = PBXFileReference; lastKnownFileType = sourcecode.swift; path = LedgerPage.swift; sourceTree = "<group>"; };
		1E97CDD92100947000C149A6 /* Ledger.swift */ = {isa = PBXFileReference; lastKnownFileType = sourcecode.swift; path = Ledger.swift; sourceTree = "<group>"; };
		1E97CDE1210096B400C149A6 /* LedgerRow.swift */ = {isa = PBXFileReference; lastKnownFileType = sourcecode.swift; path = LedgerRow.swift; sourceTree = "<group>"; };
		1EA28D332028FA3E00E576FD /* UnitCode.swift */ = {isa = PBXFileReference; lastKnownFileType = sourcecode.swift; path = UnitCode.swift; sourceTree = "<group>"; };
		1EADC8792022A864005F94DF /* CustomUnit.swift */ = {isa = PBXFileReference; lastKnownFileType = sourcecode.swift; path = CustomUnit.swift; sourceTree = "<group>"; };
		1EADC87B2022A8E2005F94DF /* Entity.swift */ = {isa = PBXFileReference; lastKnownFileType = sourcecode.swift; path = Entity.swift; sourceTree = "<group>"; };
		1EADC87F2022B289005F94DF /* HTTPMethod.swift */ = {isa = PBXFileReference; lastKnownFileType = sourcecode.swift; path = HTTPMethod.swift; sourceTree = "<group>"; };
		1EADC8812022B289005F94DF /* AmatinoRequest.swift */ = {isa = PBXFileReference; lastKnownFileType = sourcecode.swift; path = AmatinoRequest.swift; sourceTree = "<group>"; };
		1EADC8822022B289005F94DF /* RequestData.swift */ = {isa = PBXFileReference; lastKnownFileType = sourcecode.swift; path = RequestData.swift; sourceTree = "<group>"; };
		1EADC8872022B402005F94DF /* UrlParameters.swift */ = {isa = PBXFileReference; lastKnownFileType = sourcecode.swift; path = UrlParameters.swift; sourceTree = "<group>"; };
		1ED09749202A9EEA005D9732 /* UrlTarget.swift */ = {isa = PBXFileReference; lastKnownFileType = sourcecode.swift; path = UrlTarget.swift; sourceTree = "<group>"; };
		1EEA828F20ECCB2B00C406FE /* Region.swift */ = {isa = PBXFileReference; fileEncoding = 4; lastKnownFileType = sourcecode.swift; path = Region.swift; sourceTree = "<group>"; };
		1EEA829020ECCB2B00C406FE /* RegionListAttributes.swift */ = {isa = PBXFileReference; fileEncoding = 4; lastKnownFileType = sourcecode.swift; path = RegionListAttributes.swift; sourceTree = "<group>"; };
		1EEA829120ECCB2B00C406FE /* EntityListAttributes.swift */ = {isa = PBXFileReference; fileEncoding = 4; lastKnownFileType = sourcecode.swift; path = EntityListAttributes.swift; sourceTree = "<group>"; };
		1EEA829320ECCB2B00C406FE /* EntityList.swift */ = {isa = PBXFileReference; fileEncoding = 4; lastKnownFileType = sourcecode.swift; path = EntityList.swift; sourceTree = "<group>"; };
		1EEA829620ECCB2C00C406FE /* UserAttributes.swift */ = {isa = PBXFileReference; fileEncoding = 4; lastKnownFileType = sourcecode.swift; path = UserAttributes.swift; sourceTree = "<group>"; };
		1EEA829820ECCB2C00C406FE /* RegionList.swift */ = {isa = PBXFileReference; fileEncoding = 4; lastKnownFileType = sourcecode.swift; path = RegionList.swift; sourceTree = "<group>"; };
		1EEA829920ECCB2D00C406FE /* User.swift */ = {isa = PBXFileReference; fileEncoding = 4; lastKnownFileType = sourcecode.swift; path = User.swift; sourceTree = "<group>"; };
		1EEA82AA20ECDD0500C406FE /* AccountType.swift */ = {isa = PBXFileReference; lastKnownFileType = sourcecode.swift; path = AccountType.swift; sourceTree = "<group>"; };
		1EEA82AC20ECE0BC00C406FE /* Account.swift */ = {isa = PBXFileReference; lastKnownFileType = sourcecode.swift; path = Account.swift; sourceTree = "<group>"; };
		1EEA82B020ED045200C406FE /* PermissionsGraph.swift */ = {isa = PBXFileReference; lastKnownFileType = sourcecode.swift; path = PermissionsGraph.swift; sourceTree = "<group>"; };
		1EFDC61E21152ED60042EBCA /* TreeNode.swift */ = {isa = PBXFileReference; lastKnownFileType = sourcecode.swift; path = TreeNode.swift; sourceTree = "<group>"; };
		1EFDC622211544B20042EBCA /* Node.swift */ = {isa = PBXFileReference; lastKnownFileType = sourcecode.swift; path = Node.swift; sourceTree = "<group>"; };
		1EFDC626211551AA0042EBCA /* PlaceholderNode.swift */ = {isa = PBXFileReference; lastKnownFileType = sourcecode.swift; path = PlaceholderNode.swift; sourceTree = "<group>"; };
		1EFDC62A21155ADC0042EBCA /* Tree.swift */ = {isa = PBXFileReference; lastKnownFileType = sourcecode.swift; path = Tree.swift; sourceTree = "<group>"; };
		1EFDC62E211571400042EBCA /* Performance.swift */ = {isa = PBXFileReference; lastKnownFileType = sourcecode.swift; path = Performance.swift; sourceTree = "<group>"; };
		1EFDC632211578950042EBCA /* Position.swift */ = {isa = PBXFileReference; lastKnownFileType = sourcecode.swift; path = Position.swift; sourceTree = "<group>"; };
		"Amatino::Amatino::Product" /* Amatino.framework */ = {isa = PBXFileReference; explicitFileType = wrapper.framework; path = Amatino.framework; sourceTree = BUILT_PRODUCTS_DIR; };
		"Amatino::AmatinoTests::Product" /* AmatinoTests.xctest */ = {isa = PBXFileReference; explicitFileType = wrapper.cfbundle; path = AmatinoTests.xctest; sourceTree = BUILT_PRODUCTS_DIR; };
		OBJ_12 /* AncillaryTests.swift */ = {isa = PBXFileReference; lastKnownFileType = sourcecode.swift; path = AncillaryTests.swift; sourceTree = "<group>"; };
		OBJ_6 /* Package.swift */ = {isa = PBXFileReference; explicitFileType = sourcecode.swift; path = Package.swift; sourceTree = "<group>"; };
/* End PBXFileReference section */

/* Begin PBXFrameworksBuildPhase section */
		1E58D54E20F2254D00069961 /* Frameworks */ = {
			isa = PBXFrameworksBuildPhase;
			buildActionMask = 2147483647;
			files = (
			);
			runOnlyForDeploymentPostprocessing = 0;
		};
		OBJ_28 /* Frameworks */ = {
			isa = PBXFrameworksBuildPhase;
			buildActionMask = 0;
			files = (
				OBJ_29 /* Amatino.framework in Frameworks */,
			);
			runOnlyForDeploymentPostprocessing = 0;
		};
		OBJ_37 /* Frameworks */ = {
			isa = PBXFrameworksBuildPhase;
			buildActionMask = 0;
			files = (
			);
			runOnlyForDeploymentPostprocessing = 0;
		};
/* End PBXFrameworksBuildPhase section */

/* Begin PBXGroup section */
		1E58D55320F2254D00069961 /* Amatino */ = {
			isa = PBXGroup;
			children = (
				1E58D55420F2254D00069961 /* Amatino.h */,
				1E58D55520F2254D00069961 /* Info.plist */,
			);
			path = Amatino;
			sourceTree = "<group>";
		};
		OBJ_10 /* Tests */ = {
			isa = PBXGroup;
			children = (
				OBJ_11 /* AmatinoTests */,
			);
			name = Tests;
			sourceTree = SOURCE_ROOT;
		};
		OBJ_11 /* AmatinoTests */ = {
			isa = PBXGroup;
			children = (
				OBJ_12 /* AncillaryTests.swift */,
				1E15310F20FC7C3100EB8CC6 /* AmatinoAlphaTests.swift */,
				1E15311320FC801B00EB8CC6 /* AmatinoTest.swift */,
				1E15311520FC95FE00EB8CC6 /* EntityTests.swift */,
				1E15311720FCAAA900EB8CC6 /* AccountTests.swift */,
				1E15311920FCB25900EB8CC6 /* TransactionTests.swift */,
				1E2B420E20FF11EA00537C17 /* BalanceTests.swift */,
				1E2B421020FF124B00537C17 /* DerivedObjectTest.swift */,
				1E59D9F5210E8C010080C4CD /* PopulatedEntityTest.swift */,
				1E7AC3AB2119477000102932 /* CustomUnitTests.swift */,
			);
			name = AmatinoTests;
			path = Tests/AmatinoTests;
			sourceTree = SOURCE_ROOT;
		};
		OBJ_13 /* Products */ = {
			isa = PBXGroup;
			children = (
				"Amatino::AmatinoTests::Product" /* AmatinoTests.xctest */,
				"Amatino::Amatino::Product" /* Amatino.framework */,
				1E58D55220F2254D00069961 /* AmatinoIOS.framework */,
			);
			name = Products;
			sourceTree = BUILT_PRODUCTS_DIR;
		};
		OBJ_5 = {
			isa = PBXGroup;
			children = (
				OBJ_6 /* Package.swift */,
				OBJ_7 /* Sources */,
				OBJ_10 /* Tests */,
				1E58D55320F2254D00069961 /* Amatino */,
				OBJ_13 /* Products */,
			);
			sourceTree = "<group>";
		};
		OBJ_7 /* Sources */ = {
			isa = PBXGroup;
			children = (
				OBJ_8 /* Amatino */,
			);
			name = Sources;
			sourceTree = SOURCE_ROOT;
		};
		OBJ_8 /* Amatino */ = {
			isa = PBXGroup;
			children = (
				1EEA82AC20ECE0BC00C406FE /* Account.swift */,
				1E22B8CF20FF7ACF00D60340 /* AccountBalance.swift */,
				1EEA82AA20ECDD0500C406FE /* AccountType.swift */,
				1E54D29D202D9D42004E8599 /* Amatino.h */,
				1E20CFD820DB259400C129D0 /* AmatinoAlpha.swift */,
				1E16F5E3210AF196002F1B81 /* AmatinoDate.swift */,
				1E794681211187060006E971 /* AmatinoError.swift */,
				1E20CD9D2027F7EB00EA3D73 /* AmatinoObject.swift */,
				1EADC8812022B289005F94DF /* AmatinoRequest.swift */,
				1E54D29A202D9B8D004E8599 /* AMCryptography.h */,
				1E54D29B202D9C97004E8599 /* AMCryptography.m */,
				1E2B420820FF023400537C17 /* Balance.swift */,
				1E7B837A20EDA07800867B30 /* Colour.swift */,
				1EADC8792022A864005F94DF /* CustomUnit.swift */,
				1EADC87B2022A8E2005F94DF /* Entity.swift */,
				1EEA829320ECCB2B00C406FE /* EntityList.swift */,
				1EEA829120ECCB2B00C406FE /* EntityListAttributes.swift */,
				1E4D5E33210FFC6400303BD2 /* EntityObject.swift */,
				1E0E6F3D20258654006AF115 /* Entry.swift */,
				1E15CD2D2023BD4B0031CB2B /* GlobalUnit.swift */,
				1E2B420520FED2F100537C17 /* GlobalUnitList.swift */,
				1EADC87F2022B289005F94DF /* HTTPMethod.swift */,
				1E97CDD92100947000C149A6 /* Ledger.swift */,
				1E84DF70210BDEE300EA399D /* LedgerPage.swift */,
				1E97CDE1210096B400C149A6 /* LedgerRow.swift */,
				1E16F5DF210AC71C002F1B81 /* Magnitude.swift */,
				1EFDC622211544B20042EBCA /* Node.swift */,
				1EFDC62E211571400042EBCA /* Performance.swift */,
				1EEA82B020ED045200C406FE /* PermissionsGraph.swift */,
				1EFDC626211551AA0042EBCA /* PlaceholderNode.swift */,
				1EFDC632211578950042EBCA /* Position.swift */,
				1E22B8C920FF79CE00D60340 /* RecursiveBalance.swift */,
				1E59D9FF210EEECD0080C4CD /* RecursiveLedger.swift */,
				1E59D9FB210EEE090080C4CD /* RecursiveLedgerPage.swift */,
				1EEA828F20ECCB2B00C406FE /* Region.swift */,
				1EEA829820ECCB2C00C406FE /* RegionList.swift */,
				1EEA829020ECCB2B00C406FE /* RegionListAttributes.swift */,
				1EADC8822022B289005F94DF /* RequestData.swift */,
				1E2356DB201E21430008E123 /* Session.swift */,
				1E0E6F4920268C01006AF115 /* Side.swift */,
				1E2356D5201D6A200008E123 /* Transaction.swift */,
				1EFDC62A21155ADC0042EBCA /* Tree.swift */,
				1EFDC61E21152ED60042EBCA /* TreeNode.swift */,
				1EA28D332028FA3E00E576FD /* UnitCode.swift */,
				1EADC8872022B402005F94DF /* UrlParameters.swift */,
				1ED09749202A9EEA005D9732 /* UrlTarget.swift */,
				1E38BB4B202AE27F00E055A4 /* UrlTargetable.swift */,
				1EEA829920ECCB2D00C406FE /* User.swift */,
				1EEA829620ECCB2C00C406FE /* UserAttributes.swift */,
				1E7AC3A321192DED00102932 /* Unit.swift */,
				1E7AC3AD21195EBE00102932 /* Price.swift */,
			);
			name = Amatino;
			path = Sources/Amatino;
			sourceTree = SOURCE_ROOT;
		};
/* End PBXGroup section */

/* Begin PBXHeadersBuildPhase section */
		1E54D29E202D9EE4004E8599 /* Headers */ = {
			isa = PBXHeadersBuildPhase;
			buildActionMask = 2147483647;
			files = (
				1E54D29F202D9EE9004E8599 /* Amatino.h in Headers */,
				1E54D2A0202D9FB1004E8599 /* AMCryptography.h in Headers */,
			);
			runOnlyForDeploymentPostprocessing = 0;
		};
		1E58D54F20F2254D00069961 /* Headers */ = {
			isa = PBXHeadersBuildPhase;
			buildActionMask = 2147483647;
			files = (
				1E58D58920F2283700069961 /* Amatino.h in Headers */,
				1E58D58E20F2283700069961 /* AMCryptography.h in Headers */,
			);
			runOnlyForDeploymentPostprocessing = 0;
		};
/* End PBXHeadersBuildPhase section */

/* Begin PBXNativeTarget section */
		1E58D55120F2254D00069961 /* AmatinoIOS */ = {
			isa = PBXNativeTarget;
			buildConfigurationList = 1E58D55720F2254D00069961 /* Build configuration list for PBXNativeTarget "AmatinoIOS" */;
			buildPhases = (
				1E58D54F20F2254D00069961 /* Headers */,
				1E58D54D20F2254D00069961 /* Sources */,
				1E58D54E20F2254D00069961 /* Frameworks */,
				1E58D55020F2254D00069961 /* Resources */,
			);
			buildRules = (
			);
			dependencies = (
			);
			name = AmatinoIOS;
			productName = Amatino;
			productReference = 1E58D55220F2254D00069961 /* AmatinoIOS.framework */;
			productType = "com.apple.product-type.framework";
		};
		"Amatino::Amatino" /* AmatinoMacOS */ = {
			isa = PBXNativeTarget;
			buildConfigurationList = OBJ_32 /* Build configuration list for PBXNativeTarget "AmatinoMacOS" */;
			buildPhases = (
				1E54D29E202D9EE4004E8599 /* Headers */,
				OBJ_35 /* Sources */,
				OBJ_37 /* Frameworks */,
			);
			buildRules = (
			);
			dependencies = (
			);
			name = AmatinoMacOS;
			productName = Amatino;
			productReference = "Amatino::Amatino::Product" /* Amatino.framework */;
			productType = "com.apple.product-type.framework";
		};
		"Amatino::AmatinoTests" /* AmatinoTests */ = {
			isa = PBXNativeTarget;
			buildConfigurationList = OBJ_23 /* Build configuration list for PBXNativeTarget "AmatinoTests" */;
			buildPhases = (
				OBJ_26 /* Sources */,
				OBJ_28 /* Frameworks */,
			);
			buildRules = (
			);
			dependencies = (
				OBJ_30 /* PBXTargetDependency */,
			);
			name = AmatinoTests;
			productName = AmatinoTests;
			productReference = "Amatino::AmatinoTests::Product" /* AmatinoTests.xctest */;
			productType = "com.apple.product-type.bundle.unit-test";
		};
		"Amatino::SwiftPMPackageDescription" /* AmatinoPackageDescription */ = {
			isa = PBXNativeTarget;
			buildConfigurationList = OBJ_17 /* Build configuration list for PBXNativeTarget "AmatinoPackageDescription" */;
			buildPhases = (
				OBJ_20 /* Sources */,
			);
			buildRules = (
			);
			dependencies = (
			);
			name = AmatinoPackageDescription;
			productName = AmatinoPackageDescription;
			productType = "com.apple.product-type.framework";
		};
/* End PBXNativeTarget section */

/* Begin PBXProject section */
		OBJ_1 /* Project object */ = {
			isa = PBXProject;
			attributes = {
				LastUpgradeCheck = 9999;
				TargetAttributes = {
					1E58D55120F2254D00069961 = {
						CreatedOnToolsVersion = 9.4;
						ProvisioningStyle = Automatic;
					};
					"Amatino::Amatino" = {
						LastSwiftMigration = 0900;
					};
				};
			};
			buildConfigurationList = OBJ_2 /* Build configuration list for PBXProject "Amatino" */;
			compatibilityVersion = "Xcode 3.2";
			developmentRegion = English;
			hasScannedForEncodings = 0;
			knownRegions = (
				en,
			);
			mainGroup = OBJ_5;
			productRefGroup = OBJ_13 /* Products */;
			projectDirPath = "";
			projectRoot = "";
			targets = (
				"Amatino::SwiftPMPackageDescription" /* AmatinoPackageDescription */,
				"Amatino::AmatinoTests" /* AmatinoTests */,
				"Amatino::Amatino" /* AmatinoMacOS */,
				1E58D55120F2254D00069961 /* AmatinoIOS */,
				"Amatino::AmatinoPackageTests::ProductTarget" /* AmatinoPackageTests */,
			);
		};
/* End PBXProject section */

/* Begin PBXResourcesBuildPhase section */
		1E58D55020F2254D00069961 /* Resources */ = {
			isa = PBXResourcesBuildPhase;
			buildActionMask = 2147483647;
			files = (
			);
			runOnlyForDeploymentPostprocessing = 0;
		};
/* End PBXResourcesBuildPhase section */

/* Begin PBXSourcesBuildPhase section */
		1E58D54D20F2254D00069961 /* Sources */ = {
			isa = PBXSourcesBuildPhase;
			buildActionMask = 2147483647;
			files = (
				1EFDC62121152ED60042EBCA /* TreeNode.swift in Sources */,
				1E7AC3B021195EBE00102932 /* Price.swift in Sources */,
				1E58D59E20F2283700069961 /* Region.swift in Sources */,
				1E58D59520F2283700069961 /* EntityList.swift in Sources */,
				1E58D5A520F2283700069961 /* Side.swift in Sources */,
				1E2B420720FED2F100537C17 /* GlobalUnitList.swift in Sources */,
				1E58D5B320F2283700069961 /* Colour.swift in Sources */,
				1E794684211187060006E971 /* AmatinoError.swift in Sources */,
				1E58D59820F2283700069961 /* Entry.swift in Sources */,
				1E58D5A120F2283700069961 /* RequestData.swift in Sources */,
				1E58D5A020F2283700069961 /* RegionListAttributes.swift in Sources */,
				1E22B8CB20FF79CE00D60340 /* RecursiveBalance.swift in Sources */,
				1E58D58D20F2283700069961 /* AmatinoRequest.swift in Sources */,
				1E58D58A20F2283700069961 /* AmatinoAlpha.swift in Sources */,
				1E58D5AE20F2283700069961 /* UrlTarget.swift in Sources */,
				1EFDC631211571400042EBCA /* Performance.swift in Sources */,
				1E58D59B20F2283700069961 /* HTTPMethod.swift in Sources */,
				1E4D5E36210FFC6400303BD2 /* EntityObject.swift in Sources */,
				1E58D5B220F2283700069961 /* PermissionsGraph.swift in Sources */,
				1E22B8D120FF7ACF00D60340 /* AccountBalance.swift in Sources */,
				1E58D5B020F2283700069961 /* User.swift in Sources */,
				1E97CDE4210096B400C149A6 /* LedgerRow.swift in Sources */,
				1E7AC3A621192DED00102932 /* Unit.swift in Sources */,
				1E58D59120F2283700069961 /* CustomUnit.swift in Sources */,
				1E58D58B20F2283700069961 /* AmatinoObject.swift in Sources */,
				1EFDC635211578950042EBCA /* Position.swift in Sources */,
				1E58D59920F2283700069961 /* GlobalUnit.swift in Sources */,
				1E58D5A220F2283700069961 /* Session.swift in Sources */,
				1E16F5DE210AC60E002F1B81 /* Ledger.swift in Sources */,
				1EFDC629211551AA0042EBCA /* PlaceholderNode.swift in Sources */,
				1E59DA02210EEECD0080C4CD /* RecursiveLedger.swift in Sources */,
				1E59D9FE210EEE090080C4CD /* RecursiveLedgerPage.swift in Sources */,
				1E58D59620F2283700069961 /* EntityListAttributes.swift in Sources */,
				1E58D5A620F2283700069961 /* Transaction.swift in Sources */,
				1EFDC62D21155ADC0042EBCA /* Tree.swift in Sources */,
				1E58D59220F2283700069961 /* Entity.swift in Sources */,
				1E16F5E6210AF196002F1B81 /* AmatinoDate.swift in Sources */,
				1E84DF73210BDEE300EA399D /* LedgerPage.swift in Sources */,
				1E58D5AF20F2283700069961 /* UrlTargetable.swift in Sources */,
				1EFDC625211544B20042EBCA /* Node.swift in Sources */,
				1E58D58F20F2283700069961 /* AMCryptography.m in Sources */,
				1E16F5E2210AC71C002F1B81 /* Magnitude.swift in Sources */,
				1E58D59F20F2283700069961 /* RegionList.swift in Sources */,
				1E58D5AC20F2283700069961 /* UnitCode.swift in Sources */,
				1E58D5B120F2283700069961 /* UserAttributes.swift in Sources */,
				1E58D58820F2283700069961 /* AccountType.swift in Sources */,
				1E58D58620F2283700069961 /* Account.swift in Sources */,
				1E58D5AD20F2283700069961 /* UrlParameters.swift in Sources */,
				1E2B420A20FF023400537C17 /* Balance.swift in Sources */,
			);
			runOnlyForDeploymentPostprocessing = 0;
		};
		OBJ_20 /* Sources */ = {
			isa = PBXSourcesBuildPhase;
			buildActionMask = 0;
			files = (
				1EFDC627211551AA0042EBCA /* PlaceholderNode.swift in Sources */,
				1E16F5E0210AC71C002F1B81 /* Magnitude.swift in Sources */,
				OBJ_21 /* Package.swift in Sources */,
				1E16F5E4210AF196002F1B81 /* AmatinoDate.swift in Sources */,
				1EFDC623211544B20042EBCA /* Node.swift in Sources */,
				1E7AC3AE21195EBE00102932 /* Price.swift in Sources */,
				1E59DA00210EEECD0080C4CD /* RecursiveLedger.swift in Sources */,
				1EFDC62F211571400042EBCA /* Performance.swift in Sources */,
				1E16F5DC210AC60C002F1B81 /* Ledger.swift in Sources */,
				1EFDC62B21155ADC0042EBCA /* Tree.swift in Sources */,
				1E97CDE2210096B400C149A6 /* LedgerRow.swift in Sources */,
				1E59D9FC210EEE090080C4CD /* RecursiveLedgerPage.swift in Sources */,
				1E84DF71210BDEE300EA399D /* LedgerPage.swift in Sources */,
				1EFDC61F21152ED60042EBCA /* TreeNode.swift in Sources */,
				1E7AC3A421192DED00102932 /* Unit.swift in Sources */,
				1E794682211187060006E971 /* AmatinoError.swift in Sources */,
				1EFDC633211578950042EBCA /* Position.swift in Sources */,
				1E4D5E34210FFC6400303BD2 /* EntityObject.swift in Sources */,
			);
			runOnlyForDeploymentPostprocessing = 0;
		};
		OBJ_26 /* Sources */ = {
			isa = PBXSourcesBuildPhase;
			buildActionMask = 0;
			files = (
				1E7AC3AC2119477000102932 /* CustomUnitTests.swift in Sources */,
				1E15311620FC95FE00EB8CC6 /* EntityTests.swift in Sources */,
				1E2B420F20FF11EA00537C17 /* BalanceTests.swift in Sources */,
				1E59D9F6210E8C010080C4CD /* PopulatedEntityTest.swift in Sources */,
				1E15311020FC7C3100EB8CC6 /* AmatinoAlphaTests.swift in Sources */,
				1E15311420FC801B00EB8CC6 /* AmatinoTest.swift in Sources */,
				1E2B421120FF124B00537C17 /* DerivedObjectTest.swift in Sources */,
				OBJ_27 /* AncillaryTests.swift in Sources */,
				1E15311A20FCB25900EB8CC6 /* TransactionTests.swift in Sources */,
				1E15311820FCAAA900EB8CC6 /* AccountTests.swift in Sources */,
			);
			runOnlyForDeploymentPostprocessing = 0;
		};
		OBJ_35 /* Sources */ = {
			isa = PBXSourcesBuildPhase;
			buildActionMask = 0;
			files = (
				1EFDC62021152ED60042EBCA /* TreeNode.swift in Sources */,
				1E7AC3AF21195EBE00102932 /* Price.swift in Sources */,
				1ED0974A202A9EEA005D9732 /* UrlTarget.swift in Sources */,
				1EADC8852022B289005F94DF /* AmatinoRequest.swift in Sources */,
				1EA28D342028FA3E00E576FD /* UnitCode.swift in Sources */,
				1E2B420620FED2F100537C17 /* GlobalUnitList.swift in Sources */,
				1EEA82A220ECCB2D00C406FE /* UserAttributes.swift in Sources */,
				1E794683211187060006E971 /* AmatinoError.swift in Sources */,
				1EEA82A420ECCB2D00C406FE /* RegionList.swift in Sources */,
				1E22B8CA20FF79CE00D60340 /* RecursiveBalance.swift in Sources */,
				1E0E6F4A20268C01006AF115 /* Side.swift in Sources */,
				1EEA82AD20ECE0BC00C406FE /* Account.swift in Sources */,
				1EADC87C2022A8E2005F94DF /* Entity.swift in Sources */,
				1E2356DC201E21430008E123 /* Session.swift in Sources */,
				1EEA82B120ED045200C406FE /* PermissionsGraph.swift in Sources */,
				1EFDC630211571400042EBCA /* Performance.swift in Sources */,
				1EEA829C20ECCB2D00C406FE /* RegionListAttributes.swift in Sources */,
				1E4D5E35210FFC6400303BD2 /* EntityObject.swift in Sources */,
				1E22B8D020FF7ACF00D60340 /* AccountBalance.swift in Sources */,
				1E2356D6201D6A200008E123 /* Transaction.swift in Sources */,
				1E97CDE3210096B400C149A6 /* LedgerRow.swift in Sources */,
				1EADC8832022B289005F94DF /* HTTPMethod.swift in Sources */,
				1E7AC3A521192DED00102932 /* Unit.swift in Sources */,
				1E0E6F3E20258654006AF115 /* Entry.swift in Sources */,
				1E15CD2E2023BD4B0031CB2B /* GlobalUnit.swift in Sources */,
				1EFDC634211578950042EBCA /* Position.swift in Sources */,
				1E16F5DD210AC60D002F1B81 /* Ledger.swift in Sources */,
				1E59DA01210EEECD0080C4CD /* RecursiveLedger.swift in Sources */,
				1E59D9FD210EEE090080C4CD /* RecursiveLedgerPage.swift in Sources */,
				1EFDC628211551AA0042EBCA /* PlaceholderNode.swift in Sources */,
				1E7B837B20EDA07800867B30 /* Colour.swift in Sources */,
				1EEA82AB20ECDD0500C406FE /* AccountType.swift in Sources */,
				1EADC87A2022A864005F94DF /* CustomUnit.swift in Sources */,
				1E20CFD920DB259400C129D0 /* AmatinoAlpha.swift in Sources */,
				1EFDC62C21155ADC0042EBCA /* Tree.swift in Sources */,
				1E16F5E5210AF196002F1B81 /* AmatinoDate.swift in Sources */,
				1E84DF72210BDEE300EA399D /* LedgerPage.swift in Sources */,
				1EEA82A520ECCB2D00C406FE /* User.swift in Sources */,
				1E38BB4C202AE27F00E055A4 /* UrlTargetable.swift in Sources */,
				1EFDC624211544B20042EBCA /* Node.swift in Sources */,
				1E16F5E1210AC71C002F1B81 /* Magnitude.swift in Sources */,
				1E20CD9E2027F7EB00EA3D73 /* AmatinoObject.swift in Sources */,
				1EEA829B20ECCB2D00C406FE /* Region.swift in Sources */,
				1EADC8882022B402005F94DF /* UrlParameters.swift in Sources */,
				1EEA829D20ECCB2D00C406FE /* EntityListAttributes.swift in Sources */,
				1EEA829F20ECCB2D00C406FE /* EntityList.swift in Sources */,
				1E54D29C202D9C97004E8599 /* AMCryptography.m in Sources */,
				1E2B420920FF023400537C17 /* Balance.swift in Sources */,
				1EADC8862022B289005F94DF /* RequestData.swift in Sources */,
			);
			runOnlyForDeploymentPostprocessing = 0;
		};
/* End PBXSourcesBuildPhase section */

/* Begin PBXTargetDependency section */
		OBJ_30 /* PBXTargetDependency */ = {
			isa = PBXTargetDependency;
			target = "Amatino::Amatino" /* AmatinoMacOS */;
			targetProxy = 1ED524D6201D579E0098811E /* PBXContainerItemProxy */;
		};
		OBJ_42 /* PBXTargetDependency */ = {
			isa = PBXTargetDependency;
			target = "Amatino::AmatinoTests" /* AmatinoTests */;
			targetProxy = 1ED524D7201D579F0098811E /* PBXContainerItemProxy */;
		};
/* End PBXTargetDependency section */

/* Begin XCBuildConfiguration section */
		1E58D55820F2254D00069961 /* Debug */ = {
			isa = XCBuildConfiguration;
			buildSettings = {
				ALWAYS_SEARCH_USER_PATHS = NO;
				CLANG_ANALYZER_NONNULL = YES;
				CLANG_ANALYZER_NUMBER_OBJECT_CONVERSION = YES_AGGRESSIVE;
				CLANG_CXX_LANGUAGE_STANDARD = "gnu++14";
				CLANG_CXX_LIBRARY = "libc++";
				CLANG_ENABLE_OBJC_WEAK = YES;
				CLANG_WARN_BLOCK_CAPTURE_AUTORELEASING = YES;
				CLANG_WARN_BOOL_CONVERSION = YES;
				CLANG_WARN_COMMA = YES;
				CLANG_WARN_CONSTANT_CONVERSION = YES;
				CLANG_WARN_DEPRECATED_OBJC_IMPLEMENTATIONS = YES;
				CLANG_WARN_DIRECT_OBJC_ISA_USAGE = YES_ERROR;
				CLANG_WARN_DOCUMENTATION_COMMENTS = YES;
				CLANG_WARN_EMPTY_BODY = YES;
				CLANG_WARN_ENUM_CONVERSION = YES;
				CLANG_WARN_INFINITE_RECURSION = YES;
				CLANG_WARN_INT_CONVERSION = YES;
				CLANG_WARN_NON_LITERAL_NULL_CONVERSION = YES;
				CLANG_WARN_OBJC_IMPLICIT_RETAIN_SELF = YES;
				CLANG_WARN_OBJC_LITERAL_CONVERSION = YES;
				CLANG_WARN_OBJC_ROOT_CLASS = YES_ERROR;
				CLANG_WARN_RANGE_LOOP_ANALYSIS = YES;
				CLANG_WARN_STRICT_PROTOTYPES = YES;
				CLANG_WARN_SUSPICIOUS_MOVE = YES;
				CLANG_WARN_UNGUARDED_AVAILABILITY = YES_AGGRESSIVE;
				CLANG_WARN_UNREACHABLE_CODE = YES;
				CLANG_WARN__DUPLICATE_METHOD_MATCH = YES;
				CODE_SIGN_IDENTITY = "iPhone Developer";
				CODE_SIGN_STYLE = Automatic;
				DEFINES_MODULE = YES;
				DYLIB_COMPATIBILITY_VERSION = 1;
				DYLIB_INSTALL_NAME_BASE = "@rpath";
				ENABLE_STRICT_OBJC_MSGSEND = YES;
				ENABLE_TESTABILITY = YES;
				GCC_C_LANGUAGE_STANDARD = gnu11;
				GCC_DYNAMIC_NO_PIC = NO;
				GCC_NO_COMMON_BLOCKS = YES;
				GCC_PREPROCESSOR_DEFINITIONS = (
					"DEBUG=1",
					"$(inherited)",
				);
				GCC_WARN_64_TO_32_BIT_CONVERSION = YES;
				GCC_WARN_ABOUT_RETURN_TYPE = YES_ERROR;
				GCC_WARN_UNDECLARED_SELECTOR = YES;
				GCC_WARN_UNINITIALIZED_AUTOS = YES_AGGRESSIVE;
				GCC_WARN_UNUSED_FUNCTION = YES;
				GCC_WARN_UNUSED_VARIABLE = YES;
				INFOPLIST_FILE = Amatino/Info.plist;
				INSTALL_PATH = "$(LOCAL_LIBRARY_DIR)/Frameworks";
				IPHONEOS_DEPLOYMENT_TARGET = 10.3;
				LD_RUNPATH_SEARCH_PATHS = "$(inherited) @executable_path/Frameworks @loader_path/Frameworks";
				MTL_ENABLE_DEBUG_INFO = YES;
				PRODUCT_BUNDLE_IDENTIFIER = amatino.Amatino;
				PRODUCT_NAME = Amatino;
				SDKROOT = iphoneos;
				SKIP_INSTALL = YES;
				SUPPORTED_PLATFORMS = "iphonesimulator iphoneos";
				SWIFT_ACTIVE_COMPILATION_CONDITIONS = DEBUG;
				SWIFT_VERSION = 4.0;
				TARGETED_DEVICE_FAMILY = "1,2";
				VALID_ARCHS = "x86_64 arm64";
				"VALID_ARCHS[sdk=*]" = "x86_64 arm64";
				VERSIONING_SYSTEM = "apple-generic";
				VERSION_INFO_PREFIX = "";
			};
			name = Debug;
		};
		1E58D55920F2254D00069961 /* Release */ = {
			isa = XCBuildConfiguration;
			buildSettings = {
				ALWAYS_SEARCH_USER_PATHS = NO;
				CLANG_ANALYZER_NONNULL = YES;
				CLANG_ANALYZER_NUMBER_OBJECT_CONVERSION = YES_AGGRESSIVE;
				CLANG_CXX_LANGUAGE_STANDARD = "gnu++14";
				CLANG_CXX_LIBRARY = "libc++";
				CLANG_ENABLE_OBJC_WEAK = YES;
				CLANG_WARN_BLOCK_CAPTURE_AUTORELEASING = YES;
				CLANG_WARN_BOOL_CONVERSION = YES;
				CLANG_WARN_COMMA = YES;
				CLANG_WARN_CONSTANT_CONVERSION = YES;
				CLANG_WARN_DEPRECATED_OBJC_IMPLEMENTATIONS = YES;
				CLANG_WARN_DIRECT_OBJC_ISA_USAGE = YES_ERROR;
				CLANG_WARN_DOCUMENTATION_COMMENTS = YES;
				CLANG_WARN_EMPTY_BODY = YES;
				CLANG_WARN_ENUM_CONVERSION = YES;
				CLANG_WARN_INFINITE_RECURSION = YES;
				CLANG_WARN_INT_CONVERSION = YES;
				CLANG_WARN_NON_LITERAL_NULL_CONVERSION = YES;
				CLANG_WARN_OBJC_IMPLICIT_RETAIN_SELF = YES;
				CLANG_WARN_OBJC_LITERAL_CONVERSION = YES;
				CLANG_WARN_OBJC_ROOT_CLASS = YES_ERROR;
				CLANG_WARN_RANGE_LOOP_ANALYSIS = YES;
				CLANG_WARN_STRICT_PROTOTYPES = YES;
				CLANG_WARN_SUSPICIOUS_MOVE = YES;
				CLANG_WARN_UNGUARDED_AVAILABILITY = YES_AGGRESSIVE;
				CLANG_WARN_UNREACHABLE_CODE = YES;
				CLANG_WARN__DUPLICATE_METHOD_MATCH = YES;
				CODE_SIGN_IDENTITY = "iPhone Developer";
				CODE_SIGN_STYLE = Automatic;
				COPY_PHASE_STRIP = NO;
				DEFINES_MODULE = YES;
				DYLIB_COMPATIBILITY_VERSION = 1;
				DYLIB_INSTALL_NAME_BASE = "@rpath";
				ENABLE_NS_ASSERTIONS = NO;
				ENABLE_STRICT_OBJC_MSGSEND = YES;
				GCC_C_LANGUAGE_STANDARD = gnu11;
				GCC_NO_COMMON_BLOCKS = YES;
				GCC_WARN_64_TO_32_BIT_CONVERSION = YES;
				GCC_WARN_ABOUT_RETURN_TYPE = YES_ERROR;
				GCC_WARN_UNDECLARED_SELECTOR = YES;
				GCC_WARN_UNINITIALIZED_AUTOS = YES_AGGRESSIVE;
				GCC_WARN_UNUSED_FUNCTION = YES;
				GCC_WARN_UNUSED_VARIABLE = YES;
				INFOPLIST_FILE = Amatino/Info.plist;
				INSTALL_PATH = "$(LOCAL_LIBRARY_DIR)/Frameworks";
				IPHONEOS_DEPLOYMENT_TARGET = 10.3;
				LD_RUNPATH_SEARCH_PATHS = "$(inherited) @executable_path/Frameworks @loader_path/Frameworks";
				MTL_ENABLE_DEBUG_INFO = NO;
				PRODUCT_BUNDLE_IDENTIFIER = amatino.Amatino;
				PRODUCT_NAME = Amatino;
				SDKROOT = iphoneos;
				SKIP_INSTALL = YES;
				SUPPORTED_PLATFORMS = "iphonesimulator iphoneos";
				SWIFT_VERSION = 4.0;
				TARGETED_DEVICE_FAMILY = "1,2";
				VALIDATE_PRODUCT = YES;
				VALID_ARCHS = "x86_64 arm64";
				VERSIONING_SYSTEM = "apple-generic";
				VERSION_INFO_PREFIX = "";
			};
			name = Release;
		};
		OBJ_18 /* Debug */ = {
			isa = XCBuildConfiguration;
			buildSettings = {
				LD = /usr/bin/true;
				OTHER_SWIFT_FLAGS = "-swift-version 4 -I /Applications/Xcode.app/Contents/Developer/Toolchains/XcodeDefault.xctoolchain/usr/lib/swift/pm/4 -target x86_64-apple-macosx10.10 -sdk /Applications/Xcode.app/Contents/Developer/Platforms/MacOSX.platform/Developer/SDKs/MacOSX10.13.sdk";
				PRODUCT_NAME = AmatinoPackageDescription;
				SWIFT_VERSION = 4.0;
			};
			name = Debug;
		};
		OBJ_19 /* Release */ = {
			isa = XCBuildConfiguration;
			buildSettings = {
				LD = /usr/bin/true;
				OTHER_SWIFT_FLAGS = "-swift-version 4 -I /Applications/Xcode.app/Contents/Developer/Toolchains/XcodeDefault.xctoolchain/usr/lib/swift/pm/4 -target x86_64-apple-macosx10.10 -sdk /Applications/Xcode.app/Contents/Developer/Platforms/MacOSX.platform/Developer/SDKs/MacOSX10.13.sdk";
				PRODUCT_NAME = AmatinoPackageDescription;
				SWIFT_VERSION = 4.0;
			};
			name = Release;
		};
		OBJ_24 /* Debug */ = {
			isa = XCBuildConfiguration;
			buildSettings = {
				EMBEDDED_CONTENT_CONTAINS_SWIFT = YES;
				FRAMEWORK_SEARCH_PATHS = (
					"$(inherited)",
					"$(PLATFORM_DIR)/Developer/Library/Frameworks",
				);
				HEADER_SEARCH_PATHS = "$(inherited)";
				INFOPLIST_FILE = Amatino.xcodeproj/AmatinoTests_Info.plist;
				LD_RUNPATH_SEARCH_PATHS = "@loader_path/../Frameworks @loader_path/Frameworks";
				OTHER_LDFLAGS = "$(inherited)";
				OTHER_SWIFT_FLAGS = "$(inherited)";
				PRODUCT_NAME = AmatinoTests;
				SWIFT_VERSION = 4.0;
				TARGET_NAME = AmatinoTests;
			};
			name = Debug;
		};
		OBJ_25 /* Release */ = {
			isa = XCBuildConfiguration;
			buildSettings = {
				EMBEDDED_CONTENT_CONTAINS_SWIFT = YES;
				FRAMEWORK_SEARCH_PATHS = (
					"$(inherited)",
					"$(PLATFORM_DIR)/Developer/Library/Frameworks",
				);
				HEADER_SEARCH_PATHS = "$(inherited)";
				INFOPLIST_FILE = Amatino.xcodeproj/AmatinoTests_Info.plist;
				LD_RUNPATH_SEARCH_PATHS = "@loader_path/../Frameworks @loader_path/Frameworks";
				OTHER_LDFLAGS = "$(inherited)";
				OTHER_SWIFT_FLAGS = "$(inherited)";
				PRODUCT_NAME = AmatinoTests;
				SWIFT_VERSION = 4.0;
				TARGET_NAME = AmatinoTests;
			};
			name = Release;
		};
		OBJ_3 /* Debug */ = {
			isa = XCBuildConfiguration;
			buildSettings = {
				ALWAYS_SEARCH_USER_PATHS = YES;
				CLANG_ENABLE_MODULES = YES;
				CLANG_ENABLE_OBJC_ARC = YES;
				COMBINE_HIDPI_IMAGES = YES;
				COPY_PHASE_STRIP = NO;
				CURRENT_PROJECT_VERSION = 0.0.9;
				DEBUG_INFORMATION_FORMAT = dwarf;
				DEFINES_MODULE = YES;
				DYLIB_CURRENT_VERSION = $CURRENT_PROJECT_VERSION;
				"DYLIB_CURRENT_VERSION[arch=*]" = "";
				DYLIB_INSTALL_NAME_BASE = "@rpath";
				ENABLE_NS_ASSERTIONS = YES;
				GCC_OPTIMIZATION_LEVEL = 0;
				MACOSX_DEPLOYMENT_TARGET = 10.10;
				ONLY_ACTIVE_ARCH = YES;
				OTHER_SWIFT_FLAGS = "-DXcode";
				PRODUCT_NAME = "$(TARGET_NAME:c99extidentifier)";
				SDKROOT = macosx;
				SUPPORTED_PLATFORMS = "macosx watchos watchsimulator appletvos appletvsimulator iphoneos iphonesimulator";
				SWIFT_ACTIVE_COMPILATION_CONDITIONS = "SWIFT_PACKAGE DEBUG";
				SWIFT_OPTIMIZATION_LEVEL = "-Onone";
				USE_HEADERMAP = NO;
				VALID_ARCHS = "i386 x86_64 arm64";
				"VALID_ARCHS[sdk=*]" = "i386 x86_64 arm64";
			};
			name = Debug;
		};
		OBJ_33 /* Debug */ = {
			isa = XCBuildConfiguration;
			buildSettings = {
				CLANG_ENABLE_MODULES = YES;
				DEFINES_MODULE = YES;
				ENABLE_TESTABILITY = YES;
				FRAMEWORK_SEARCH_PATHS = (
					"$(inherited)",
					"$(PLATFORM_DIR)/Developer/Library/Frameworks",
				);
				HEADER_SEARCH_PATHS = "$(inherited)";
				INFOPLIST_FILE = Amatino.xcodeproj/Amatino_Info.plist;
				LD_RUNPATH_SEARCH_PATHS = "$(TOOLCHAIN_DIR)/usr/lib/swift/macosx";
				MACOSX_DEPLOYMENT_TARGET = 10.10;
				OTHER_LDFLAGS = "$(inherited)";
				OTHER_SWIFT_FLAGS = "$(inherited)";
				PRODUCT_BUNDLE_IDENTIFIER = Amatino;
				PRODUCT_MODULE_NAME = "$(TARGET_NAME:c99extidentifier)";
				PRODUCT_NAME = "$(TARGET_NAME:c99extidentifier)";
				SKIP_INSTALL = YES;
				SUPPORTED_PLATFORMS = macosx;
				SWIFT_ACTIVE_COMPILATION_CONDITIONS = "SWIFT_PACKAGE DEBUG";
				SWIFT_OPTIMIZATION_LEVEL = "-Onone";
				SWIFT_VERSION = 4.0;
				TARGET_NAME = Amatino;
				VALID_ARCHS = x86_64;
			};
			name = Debug;
		};
		OBJ_34 /* Release */ = {
			isa = XCBuildConfiguration;
			buildSettings = {
				CLANG_ENABLE_MODULES = YES;
				DEFINES_MODULE = YES;
				ENABLE_TESTABILITY = NO;
				FRAMEWORK_SEARCH_PATHS = (
					"$(inherited)",
					"$(PLATFORM_DIR)/Developer/Library/Frameworks",
				);
				HEADER_SEARCH_PATHS = "$(inherited)";
				INFOPLIST_FILE = Amatino.xcodeproj/Amatino_Info.plist;
				LD_RUNPATH_SEARCH_PATHS = "$(TOOLCHAIN_DIR)/usr/lib/swift/macosx";
				MACOSX_DEPLOYMENT_TARGET = 10.10;
				OTHER_LDFLAGS = "$(inherited)";
				OTHER_SWIFT_FLAGS = "$(inherited)";
				PRODUCT_BUNDLE_IDENTIFIER = Amatino;
				PRODUCT_MODULE_NAME = "$(TARGET_NAME:c99extidentifier)";
				PRODUCT_NAME = "$(TARGET_NAME:c99extidentifier)";
				SKIP_INSTALL = YES;
				SUPPORTED_PLATFORMS = macosx;
				SWIFT_VERSION = 4.0;
				TARGET_NAME = Amatino;
				VALID_ARCHS = x86_64;
			};
			name = Release;
		};
		OBJ_4 /* Release */ = {
			isa = XCBuildConfiguration;
			buildSettings = {
				ALWAYS_SEARCH_USER_PATHS = YES;
				CLANG_ENABLE_MODULES = YES;
				CLANG_ENABLE_OBJC_ARC = YES;
				COMBINE_HIDPI_IMAGES = YES;
				COPY_PHASE_STRIP = YES;
				CURRENT_PROJECT_VERSION = 0.0.9;
				DEBUG_INFORMATION_FORMAT = "dwarf-with-dsym";
				DEFINES_MODULE = YES;
				DYLIB_CURRENT_VERSION = $CURRENT_PROJECT_VERSION;
				"DYLIB_CURRENT_VERSION[arch=*]" = "";
				DYLIB_INSTALL_NAME_BASE = "@rpath";
				GCC_OPTIMIZATION_LEVEL = s;
				MACOSX_DEPLOYMENT_TARGET = 10.10;
				OTHER_SWIFT_FLAGS = "-DXcode";
				PRODUCT_NAME = "$(TARGET_NAME:c99extidentifier)";
				SDKROOT = macosx;
				SUPPORTED_PLATFORMS = "macosx iphoneos iphonesimulator appletvos appletvsimulator watchos watchsimulator";
				SWIFT_ACTIVE_COMPILATION_CONDITIONS = SWIFT_PACKAGE;
				SWIFT_OPTIMIZATION_LEVEL = "-Owholemodule";
				USE_HEADERMAP = NO;
				VALID_ARCHS = "i386 x86_64 arm64";
			};
			name = Release;
		};
		OBJ_40 /* Debug */ = {
			isa = XCBuildConfiguration;
			buildSettings = {
				PRODUCT_NAME = AmatinoPackageTests;
			};
			name = Debug;
		};
		OBJ_41 /* Release */ = {
			isa = XCBuildConfiguration;
			buildSettings = {
				PRODUCT_NAME = AmatinoPackageTests;
			};
			name = Release;
		};
/* End XCBuildConfiguration section */

/* Begin XCConfigurationList section */
		1E58D55720F2254D00069961 /* Build configuration list for PBXNativeTarget "AmatinoIOS" */ = {
			isa = XCConfigurationList;
			buildConfigurations = (
				1E58D55820F2254D00069961 /* Debug */,
				1E58D55920F2254D00069961 /* Release */,
			);
			defaultConfigurationIsVisible = 0;
			defaultConfigurationName = Debug;
		};
		OBJ_17 /* Build configuration list for PBXNativeTarget "AmatinoPackageDescription" */ = {
			isa = XCConfigurationList;
			buildConfigurations = (
				OBJ_18 /* Debug */,
				OBJ_19 /* Release */,
			);
			defaultConfigurationIsVisible = 0;
			defaultConfigurationName = Debug;
		};
		OBJ_2 /* Build configuration list for PBXProject "Amatino" */ = {
			isa = XCConfigurationList;
			buildConfigurations = (
				OBJ_3 /* Debug */,
				OBJ_4 /* Release */,
			);
			defaultConfigurationIsVisible = 0;
			defaultConfigurationName = Debug;
		};
		OBJ_23 /* Build configuration list for PBXNativeTarget "AmatinoTests" */ = {
			isa = XCConfigurationList;
			buildConfigurations = (
				OBJ_24 /* Debug */,
				OBJ_25 /* Release */,
			);
			defaultConfigurationIsVisible = 0;
			defaultConfigurationName = Debug;
		};
		OBJ_32 /* Build configuration list for PBXNativeTarget "AmatinoMacOS" */ = {
			isa = XCConfigurationList;
			buildConfigurations = (
				OBJ_33 /* Debug */,
				OBJ_34 /* Release */,
			);
			defaultConfigurationIsVisible = 0;
			defaultConfigurationName = Debug;
		};
		OBJ_39 /* Build configuration list for PBXAggregateTarget "AmatinoPackageTests" */ = {
			isa = XCConfigurationList;
			buildConfigurations = (
				OBJ_40 /* Debug */,
				OBJ_41 /* Release */,
			);
			defaultConfigurationIsVisible = 0;
			defaultConfigurationName = Debug;
		};
/* End XCConfigurationList section */
	};
	rootObject = OBJ_1 /* Project object */;
}
